
Microsoft Visual Studio Solution File, Format Version 12.00
# Visual Studio Version 16
VisualStudioVersion = 16.0.30413.136
MinimumVisualStudioVersion = 10.0.40219.1
Project("{FAE04EC0-301F-11D3-BF4B-00C04F79EFBC}") = "ApiAlexa", "ApiAlexa\ApiAlexa.csproj", "{18A20058-6347-445A-A3A4-7ECA4039B53F}"
EndProject
Global
	GlobalSection(SolutionConfigurationPlatforms) = preSolution
		Debug|Any CPU = Debug|Any CPU
		Release|Any CPU = Release|Any CPU
	EndGlobalSection
	GlobalSection(ProjectConfigurationPlatforms) = postSolution
		{18A20058-6347-445A-A3A4-7ECA4039B53F}.Debug|Any CPU.ActiveCfg = Debug|Any CPU
		{18A20058-6347-445A-A3A4-7ECA4039B53F}.Debug|Any CPU.Build.0 = Debug|Any CPU
		{18A20058-6347-445A-A3A4-7ECA4039B53F}.Release|Any CPU.ActiveCfg = Release|Any CPU
		{18A20058-6347-445A-A3A4-7ECA4039B53F}.Release|Any CPU.Build.0 = Release|Any CPU
	EndGlobalSection
	GlobalSection(SolutionProperties) = preSolution
		HideSolutionNode = FALSE
	EndGlobalSection
	GlobalSection(ExtensibilityGlobals) = postSolution
		SolutionGuid = {7085AA1C-1491-447A-B755-CDDF82501E00}
	EndGlobalSection
EndGlobal
